{
  "pins" : [
    {
      "identity" : "percy-xcui-swift",
      "kind" : "remoteSourceControl",
      "location" : "git@github.com:percy/percy-xcui-swift.git",
      "state" : {
        "branch" : "main",
        "revision" : "b2664547dec6cecad7106d07886f6f7bae242de2"
      }
    }
  ],
  "version" : 2
}
